
Microsoft Visual Studio Solution File, Format Version 12.00
# Visual Studio 14
VisualStudioVersion = 14.0.25420.1
MinimumVisualStudioVersion = 10.0.40219.1
Project("{FAE04EC0-301F-11D3-BF4B-00C04F79EFBC}") = "WindowsFormsApplication4", "WindowsFormsApplication4\WindowsFormsApplication4.csproj", "{2CFD9347-5896-4497-B664-A073F9B439D7}"
EndProject
Project("{FAE04EC0-301F-11D3-BF4B-00C04F79EFBC}") = "Login", "Login\Login.csproj", "{96457DC6-3919-4857-8BC9-9AAC9F6AF0F7}"
EndProject
Global
	GlobalSection(SolutionConfigurationPlatforms) = preSolution
		Debug|Any CPU = Debug|Any CPU
		Release|Any CPU = Release|Any CPU
	EndGlobalSection
	GlobalSection(ProjectConfigurationPlatforms) = postSolution
		{2CFD9347-5896-4497-B664-A073F9B439D7}.Debug|Any CPU.ActiveCfg = Debug|Any CPU
		{2CFD9347-5896-4497-B664-A073F9B439D7}.Debug|Any CPU.Build.0 = Debug|Any CPU
		{2CFD9347-5896-4497-B664-A073F9B439D7}.Release|Any CPU.ActiveCfg = Release|Any CPU
		{2CFD9347-5896-4497-B664-A073F9B439D7}.Release|Any CPU.Build.0 = Release|Any CPU
		{96457DC6-3919-4857-8BC9-9AAC9F6AF0F7}.Debug|Any CPU.ActiveCfg = Debug|Any CPU
		{96457DC6-3919-4857-8BC9-9AAC9F6AF0F7}.Debug|Any CPU.Build.0 = Debug|Any CPU
		{96457DC6-3919-4857-8BC9-9AAC9F6AF0F7}.Release|Any CPU.ActiveCfg = Release|Any CPU
		{96457DC6-3919-4857-8BC9-9AAC9F6AF0F7}.Release|Any CPU.Build.0 = Release|Any CPU
	EndGlobalSection
	GlobalSection(SolutionProperties) = preSolution
		HideSolutionNode = FALSE
	EndGlobalSection
EndGlobal
